
Microsoft Visual Studio Solution File, Format Version 12.00
# Visual Studio 15
Project("{FAE04EC0-301F-11D3-BF4B-00C04F79EFBC}") = "ExpandableViewExemplo.Android", "ExpandableViewExemplo.Android\ExpandableViewExemplo.Android.csproj", "{39BA120A-A177-413D-9198-9DA831BB8EE2}"
EndProject
Project("{FAE04EC0-301F-11D3-BF4B-00C04F79EFBC}") = "ExpandableViewExemplo.iOS", "ExpandableViewExemplo.iOS\ExpandableViewExemplo.iOS.csproj", "{D894A7D8-7CFF-48CC-B4A4-32362B205C69}"
EndProject
Project("{FAE04EC0-301F-11D3-BF4B-00C04F79EFBC}") = "ExpandableViewExemplo", "ExpandableViewExemplo\ExpandableViewExemplo.csproj", "{774727EA-FA8C-4A49-8843-1ADF13B86CBE}"
EndProject
Global
	GlobalSection(SolutionConfigurationPlatforms) = preSolution
		Debug|Any CPU = Debug|Any CPU
		Release|Any CPU = Release|Any CPU
		Debug|iPhoneSimulator = Debug|iPhoneSimulator
		Release|iPhoneSimulator = Release|iPhoneSimulator
		Debug|iPhone = Debug|iPhone
		Release|iPhone = Release|iPhone
	EndGlobalSection
	GlobalSection(ProjectConfigurationPlatforms) = postSolution
		{39BA120A-A177-413D-9198-9DA831BB8EE2}.Debug|Any CPU.ActiveCfg = Debug|Any CPU
		{39BA120A-A177-413D-9198-9DA831BB8EE2}.Debug|Any CPU.Build.0 = Debug|Any CPU
		{39BA120A-A177-413D-9198-9DA831BB8EE2}.Release|Any CPU.ActiveCfg = Release|Any CPU
		{39BA120A-A177-413D-9198-9DA831BB8EE2}.Release|Any CPU.Build.0 = Release|Any CPU
		{39BA120A-A177-413D-9198-9DA831BB8EE2}.Debug|iPhoneSimulator.ActiveCfg = Debug|Any CPU
		{39BA120A-A177-413D-9198-9DA831BB8EE2}.Debug|iPhoneSimulator.Build.0 = Debug|Any CPU
		{39BA120A-A177-413D-9198-9DA831BB8EE2}.Release|iPhoneSimulator.ActiveCfg = Release|Any CPU
		{39BA120A-A177-413D-9198-9DA831BB8EE2}.Release|iPhoneSimulator.Build.0 = Release|Any CPU
		{39BA120A-A177-413D-9198-9DA831BB8EE2}.Debug|iPhone.ActiveCfg = Debug|Any CPU
		{39BA120A-A177-413D-9198-9DA831BB8EE2}.Debug|iPhone.Build.0 = Debug|Any CPU
		{39BA120A-A177-413D-9198-9DA831BB8EE2}.Release|iPhone.ActiveCfg = Release|Any CPU
		{39BA120A-A177-413D-9198-9DA831BB8EE2}.Release|iPhone.Build.0 = Release|Any CPU
		{D894A7D8-7CFF-48CC-B4A4-32362B205C69}.Debug|Any CPU.ActiveCfg = Debug|iPhoneSimulator
		{D894A7D8-7CFF-48CC-B4A4-32362B205C69}.Debug|Any CPU.Build.0 = Debug|iPhoneSimulator
		{D894A7D8-7CFF-48CC-B4A4-32362B205C69}.Release|Any CPU.ActiveCfg = Release|iPhoneSimulator
		{D894A7D8-7CFF-48CC-B4A4-32362B205C69}.Release|Any CPU.Build.0 = Release|iPhoneSimulator
		{D894A7D8-7CFF-48CC-B4A4-32362B205C69}.Debug|iPhoneSimulator.ActiveCfg = Debug|iPhoneSimulator
		{D894A7D8-7CFF-48CC-B4A4-32362B205C69}.Debug|iPhoneSimulator.Build.0 = Debug|iPhoneSimulator
		{D894A7D8-7CFF-48CC-B4A4-32362B205C69}.Release|iPhoneSimulator.ActiveCfg = Release|iPhoneSimulator
		{D894A7D8-7CFF-48CC-B4A4-32362B205C69}.Release|iPhoneSimulator.Build.0 = Release|iPhoneSimulator
		{D894A7D8-7CFF-48CC-B4A4-32362B205C69}.Debug|iPhone.ActiveCfg = Debug|iPhone
		{D894A7D8-7CFF-48CC-B4A4-32362B205C69}.Debug|iPhone.Build.0 = Debug|iPhone
		{D894A7D8-7CFF-48CC-B4A4-32362B205C69}.Release|iPhone.ActiveCfg = Release|iPhone
		{D894A7D8-7CFF-48CC-B4A4-32362B205C69}.Release|iPhone.Build.0 = Release|iPhone
		{774727EA-FA8C-4A49-8843-1ADF13B86CBE}.Debug|Any CPU.ActiveCfg = Debug|Any CPU
		{774727EA-FA8C-4A49-8843-1ADF13B86CBE}.Debug|Any CPU.Build.0 = Debug|Any CPU
		{774727EA-FA8C-4A49-8843-1ADF13B86CBE}.Release|Any CPU.ActiveCfg = Release|Any CPU
		{774727EA-FA8C-4A49-8843-1ADF13B86CBE}.Release|Any CPU.Build.0 = Release|Any CPU
		{774727EA-FA8C-4A49-8843-1ADF13B86CBE}.Debug|iPhoneSimulator.ActiveCfg = Debug|Any CPU
		{774727EA-FA8C-4A49-8843-1ADF13B86CBE}.Debug|iPhoneSimulator.Build.0 = Debug|Any CPU
		{774727EA-FA8C-4A49-8843-1ADF13B86CBE}.Release|iPhoneSimulator.ActiveCfg = Release|Any CPU
		{774727EA-FA8C-4A49-8843-1ADF13B86CBE}.Release|iPhoneSimulator.Build.0 = Release|Any CPU
		{774727EA-FA8C-4A49-8843-1ADF13B86CBE}.Debug|iPhone.ActiveCfg = Debug|Any CPU
		{774727EA-FA8C-4A49-8843-1ADF13B86CBE}.Debug|iPhone.Build.0 = Debug|Any CPU
		{774727EA-FA8C-4A49-8843-1ADF13B86CBE}.Release|iPhone.ActiveCfg = Release|Any CPU
		{774727EA-FA8C-4A49-8843-1ADF13B86CBE}.Release|iPhone.Build.0 = Release|Any CPU
	EndGlobalSection
EndGlobal
